# Generated by pub
# See https://dart.dev/tools/pub/glossary#lockfile
packages:
  _flutterfire_internals:
    dependency: transitive
    description:
      name: _flutterfire_internals
      sha256: "935316be721961664cc0dc11b4cbc7bb5e91e4d08ed8963daf84ef8322a20672"
      url: "https://pub.dev"
    source: hosted
    version: "1.0.10"
  args:
    dependency: transitive
    description:
      name: args
      sha256: b003c3098049a51720352d219b0bb5f219b60fbfb68e7a4748139a06a5676515
      url: "https://pub.dev"
    source: hosted
    version: "2.3.1"
  async:
    dependency: transitive
    description:
      name: async
      sha256: bfe67ef28df125b7dddcea62755991f807aa39a2492a23e1550161692950bbe0
      url: "https://pub.dev"
    source: hosted
    version: "2.10.0"
  boolean_selector:
    dependency: transitive
    description:
      name: boolean_selector
      sha256: "6cfb5af12253eaf2b368f07bacc5a80d1301a071c73360d746b7f2e32d762c66"
      url: "https://pub.dev"
    source: hosted
    version: "2.1.1"
  carousel_slider:
    dependency: "direct main"
    description:
      name: carousel_slider
      sha256: "9c695cc963bf1d04a47bd6021f68befce8970bcd61d24938e1fb0918cf5d9c42"
      url: "https://pub.dev"
    source: hosted
    version: "4.2.1"
  characters:
    dependency: transitive
    description:
      name: characters
      sha256: e6a326c8af69605aec75ed6c187d06b349707a27fbff8222ca9cc2cff167975c
      url: "https://pub.dev"
    source: hosted
    version: "1.2.1"
  clock:
    dependency: transitive
    description:
      name: clock
      sha256: cb6d7f03e1de671e34607e909a7213e31d7752be4fb66a86d29fe1eb14bfb5cf
      url: "https://pub.dev"
    source: hosted
    version: "1.1.1"
  cloud_firestore:
    dependency: "direct main"
    description:
      name: cloud_firestore
      sha256: "7baecc5a8f5eaaedfa6fcace50357edcd8e1bf12cae3622cc036f9f2db06512f"
      url: "https://pub.dev"
    source: hosted
    version: "4.2.0"
  cloud_firestore_platform_interface:
    dependency: transitive
    description:
      name: cloud_firestore_platform_interface
      sha256: "5173fce24ad23e39944b3c9dd2e86cc4d8755fda0e21e7d98bb00ee84c3ae464"
      url: "https://pub.dev"
    source: hosted
    version: "5.9.1"
  cloud_firestore_web:
    dependency: transitive
    description:
      name: cloud_firestore_web
      sha256: b6a5712dc5d74473249b0777b93e6adf0ae68aeabae2699238d4647f3d5e1624
      url: "https://pub.dev"
    source: hosted
    version: "3.1.1"
  collection:
    dependency: transitive
    description:
      name: collection
      sha256: cfc915e6923fe5ce6e153b0723c753045de46de1b4d63771530504004a45fae0
      url: "https://pub.dev"
    source: hosted
    version: "1.17.0"
  connectivity_plus:
    dependency: "direct main"
    description:
      name: connectivity_plus
      sha256: "3f8fe4e504c2d33696dac671a54909743bc6a902a9bb0902306f7a2aed7e528e"
      url: "https://pub.dev"
    source: hosted
    version: "2.3.9"
  connectivity_plus_linux:
    dependency: transitive
    description:
      name: connectivity_plus_linux
      sha256: "3caf859d001f10407b8e48134c761483e4495ae38094ffcca97193f6c271f5e2"
      url: "https://pub.dev"
    source: hosted
    version: "1.3.1"
  connectivity_plus_macos:
    dependency: transitive
    description:
      name: connectivity_plus_macos
      sha256: "488d2de1e47e1224ad486e501b20b088686ba1f4ee9c4420ecbc3b9824f0b920"
      url: "https://pub.dev"
    source: hosted
    version: "1.2.6"
  connectivity_plus_platform_interface:
    dependency: transitive
    description:
      name: connectivity_plus_platform_interface
      sha256: b8795b9238bf83b64375f63492034cb3d8e222af4d9ce59dda085edf038fa06f
      url: "https://pub.dev"
    source: hosted
    version: "1.2.3"
  connectivity_plus_web:
    dependency: transitive
    description:
      name: connectivity_plus_web
      sha256: "81332be1b4baf8898fed17bb4fdef27abb7c6fd990bf98c54fd978478adf2f1a"
      url: "https://pub.dev"
    source: hosted
    version: "1.2.5"
  connectivity_plus_windows:
    dependency: transitive
    description:
      name: connectivity_plus_windows
      sha256: "535b0404b4d5605c4dd8453d67e5d6d2ea0dd36e3b477f50f31af51b0aeab9dd"
      url: "https://pub.dev"
    source: hosted
    version: "1.2.2"
  cross_file:
    dependency: transitive
    description:
      name: cross_file
      sha256: f71079978789bc2fe78d79227f1f8cfe195b31bbd8db2399b0d15a4b96fb843b
      url: "https://pub.dev"
    source: hosted
    version: "0.3.3+2"
  dbus:
    dependency: transitive
    description:
      name: dbus
      sha256: "6f07cba3f7b3448d42d015bfd3d53fe12e5b36da2423f23838efc1d5fb31a263"
      url: "https://pub.dev"
    source: hosted
    version: "0.7.8"
  device_frame:
    dependency: transitive
    description:
      name: device_frame
      sha256: afe76182aec178d171953d9b4a50a43c57c7cf3c77d8b09a48bf30c8fa04dd9d
      url: "https://pub.dev"
    source: hosted
    version: "1.1.0"
  device_info:
    dependency: "direct main"
    description:
      name: device_info
      sha256: f4a8156cb7b7480d969cb734907d18b333c8f0bc0b1ad0b342cdcecf30d62c48
      url: "https://pub.dev"
    source: hosted
    version: "2.0.3"
  device_info_platform_interface:
    dependency: transitive
    description:
      name: device_info_platform_interface
      sha256: b148e0bf9640145d09a4f8dea96614076f889e7f7f8b5ecab1c7e5c2dbc73c1b
      url: "https://pub.dev"
    source: hosted
    version: "2.0.1"
  device_preview:
    dependency: "direct main"
    description:
      name: device_preview
      sha256: "2f097bf31b929e15e6756dbe0ec1bcb63952ab9ed51c25dc5a2c722d2b21fdaf"
      url: "https://pub.dev"
    source: hosted
    version: "1.1.0"
  dio:
    dependency: "direct main"
    description:
      name: dio
      sha256: "7d328c4d898a61efc3cd93655a0955858e29a0aa647f0f9e02d59b3bb275e2e8"
      url: "https://pub.dev"
    source: hosted
    version: "4.0.6"
  fake_async:
    dependency: transitive
    description:
      name: fake_async
      sha256: "511392330127add0b769b75a987850d136345d9227c6b94c96a04cf4a391bf78"
      url: "https://pub.dev"
    source: hosted
    version: "1.3.1"
  ffi:
    dependency: transitive
    description:
      name: ffi
      sha256: a38574032c5f1dd06c4aee541789906c12ccaab8ba01446e800d9c5b79c4a978
      url: "https://pub.dev"
    source: hosted
    version: "2.0.1"
  file:
    dependency: transitive
    description:
      name: file
      sha256: "1b92bec4fc2a72f59a8e15af5f52cd441e4a7860b49499d69dfa817af20e925d"
      url: "https://pub.dev"
    source: hosted
    version: "6.1.4"
  file_picker:
    dependency: "direct main"
    description:
      name: file_picker
      sha256: ecf52f978e72763ede54a93271318bbbca65a2be2d9ff658ec8ca4ea3a23d7ef
      url: "https://pub.dev"
    source: hosted
    version: "5.2.4"
  firebase_auth:
    dependency: "direct main"
    description:
      name: firebase_auth
      sha256: ac3c7c8022c1032c1dc7d16e62db1d6f1e2fbdc8c1039ee706d8deb45eca3a42
      url: "https://pub.dev"
    source: hosted
    version: "4.2.5"
  firebase_auth_platform_interface:
    dependency: transitive
    description:
      name: firebase_auth_platform_interface
      sha256: "977ffe55a6a641b0e95609501633f274049dfaf8de7ccbdef967758aa7dfca9c"
      url: "https://pub.dev"
    source: hosted
    version: "6.11.5"
  firebase_auth_web:
    dependency: transitive
    description:
      name: firebase_auth_web
      sha256: "3fb9fafcd3541005a309c1a696f7df6294893a0c44f010f4ed1b0ded4793c858"
      url: "https://pub.dev"
    source: hosted
    version: "5.2.4"
  firebase_core:
    dependency: "direct main"
    description:
      name: firebase_core
      sha256: c129209ba55f3d4272c89fb4a4994c15bea77fb6de63a82d45fb6bc5c94e4355
      url: "https://pub.dev"
    source: hosted
    version: "2.4.1"
  firebase_core_platform_interface:
    dependency: "direct main"
    description:
      name: firebase_core_platform_interface
      sha256: "5fab93f5b354648efa62e7cc829c90efb68c8796eecf87e0888cae2d5f3accd4"
      url: "https://pub.dev"
    source: hosted
    version: "4.5.2"
  firebase_core_web:
    dependency: transitive
    description:
      name: firebase_core_web
      sha256: "18b35ce111b0a4266abf723c825bcf9d4e2519d13638cc7f06f2a8dd960c75bc"
      url: "https://pub.dev"
    source: hosted
    version: "2.1.0"
  firebase_crashlytics:
    dependency: "direct main"
    description:
      name: firebase_crashlytics
      sha256: afaff0d67da21a0c2a916c438218188060e9eeeef22619e0a3e31994e9e366fb
      url: "https://pub.dev"
    source: hosted
    version: "3.0.7"
  firebase_crashlytics_platform_interface:
    dependency: transitive
    description:
      name: firebase_crashlytics_platform_interface
      sha256: "3bbd82065006a133119b23d0123bf26f2f33fec3ad37f9561a01e35788c69106"
      url: "https://pub.dev"
    source: hosted
    version: "3.3.8"
  firebase_performance:
    dependency: "direct main"
    description:
      name: firebase_performance
      sha256: "7c628e5eed0a9463bbcabedba991b98091258b655cc3f064341427c234e04455"
      url: "https://pub.dev"
    source: hosted
    version: "0.9.0+7"
  firebase_performance_platform_interface:
    dependency: transitive
    description:
      name: firebase_performance_platform_interface
      sha256: "97e1832ec85269f0808d2357d0a04e97caa37d08c153dbbd06daec22879abebc"
      url: "https://pub.dev"
    source: hosted
    version: "0.1.1+27"
  firebase_performance_web:
    dependency: transitive
    description:
      name: firebase_performance_web
      sha256: f260800a108645dc1d0cea54025a6642fe0b9037dac66fd3da7f6e333ca4687f
      url: "https://pub.dev"
    source: hosted
    version: "0.1.1+16"
  flutter:
    dependency: "direct main"
    description: flutter
    source: sdk
    version: "0.0.0"
  flutter_advanced_drawer:
    dependency: "direct main"
    description:
      name: flutter_advanced_drawer
      sha256: e36242c33adf89f48a71e8bfda4363f526aa522fab8a72f84973ae77f637ca43
      url: "https://pub.dev"
    source: hosted
    version: "1.3.2"
  flutter_lints:
    dependency: "direct dev"
    description:
      name: flutter_lints
      sha256: aeb0b80a8b3709709c9cc496cdc027c5b3216796bc0af0ce1007eaf24464fd4c
      url: "https://pub.dev"
    source: hosted
    version: "2.0.1"
  flutter_localizations:
    dependency: transitive
    description: flutter
    source: sdk
    version: "0.0.0"
  flutter_plugin_android_lifecycle:
    dependency: transitive
    description:
      name: flutter_plugin_android_lifecycle
      sha256: "60fc7b78455b94e6de2333d2f95196d32cf5c22f4b0b0520a628804cb463503b"
      url: "https://pub.dev"
    source: hosted
    version: "2.0.7"
  flutter_rating_bar:
    dependency: "direct main"
    description:
      name: flutter_rating_bar
      sha256: d2af03469eac832c591a1eba47c91ecc871fe5708e69967073c043b2d775ed93
      url: "https://pub.dev"
    source: hosted
    version: "4.0.1"
  flutter_screenutil:
    dependency: "direct main"
    description:
      name: flutter_screenutil
      sha256: "154a1abec9f047d9cdaf71856163315d9d7def5167409361a7f13a5bcd650017"
      url: "https://pub.dev"
    source: hosted
    version: "5.6.0"
  flutter_staggered_grid_view:
    dependency: "direct main"
    description:
      name: flutter_staggered_grid_view
      sha256: "1312314293acceb65b92754298754801b0e1f26a1845833b740b30415bbbcf07"
      url: "https://pub.dev"
    source: hosted
    version: "0.6.2"
  flutter_svg:
    dependency: "direct main"
    description:
      name: flutter_svg
      sha256: "6ff9fa12892ae074092de2fa6a9938fb21dbabfdaa2ff57dc697ff912fc8d4b2"
      url: "https://pub.dev"
    source: hosted
    version: "1.1.6"
  flutter_test:
    dependency: "direct dev"
    description: flutter
    source: sdk
    version: "0.0.0"
  flutter_web_plugins:
    dependency: transitive
    description: flutter
    source: sdk
    version: "0.0.0"
  freezed_annotation:
    dependency: transitive
    description:
      name: freezed_annotation
      sha256: aeac15850ef1b38ee368d4c53ba9a847e900bb2c53a4db3f6881cbb3cb684338
      url: "https://pub.dev"
    source: hosted
    version: "2.2.0"
  geocoding:
    dependency: "direct main"
    description:
      name: geocoding
      sha256: "26218460a902d4249b81e6baf9d55ce400fd1ebe6fc0a7e92b2c12b0b8e1e14e"
      url: "https://pub.dev"
    source: hosted
    version: "2.0.5"
  geocoding_platform_interface:
    dependency: transitive
    description:
      name: geocoding_platform_interface
      sha256: "8848605d307d844d89937cdb4b8ad7dfa880552078f310fa24d8a460f6dddab4"
      url: "https://pub.dev"
    source: hosted
    version: "2.0.1"
  geolocator:
    dependency: "direct main"
    description:
      name: geolocator
      sha256: "5c23f3613f50586c0bbb2b8f970240ae66b3bd992088cf60dd5ee2e6f7dde3a8"
      url: "https://pub.dev"
    source: hosted
    version: "9.0.2"
  geolocator_android:
    dependency: transitive
    description:
      name: geolocator_android
      sha256: fe90565c3a8789dc3b433d8f95cdb18343f9bde298a419d978337ba1ae1037d3
      url: "https://pub.dev"
    source: hosted
    version: "4.1.4"
  geolocator_apple:
    dependency: transitive
    description:
      name: geolocator_apple
      sha256: "567cf6d9879b4c33b2bd8bbfff0995e75c62a14f87b1480c8522c5dca5d3b166"
      url: "https://pub.dev"
    source: hosted
    version: "2.2.3"
  geolocator_platform_interface:
    dependency: transitive
    description:
      name: geolocator_platform_interface
      sha256: af4d69231452f9620718588f41acc4cb58312368716bfff2e92e770b46ce6386
      url: "https://pub.dev"
    source: hosted
    version: "4.0.7"
  geolocator_web:
    dependency: transitive
    description:
      name: geolocator_web
      sha256: f68a122da48fcfff68bbc9846bb0b74ef651afe84a1b1f6ec20939de4d6860e1
      url: "https://pub.dev"
    source: hosted
    version: "2.1.6"
  geolocator_windows:
    dependency: transitive
    description:
      name: geolocator_windows
      sha256: f5911c88e23f48b598dd506c7c19eff0e001645bdc03bb6fecb9f4549208354d
      url: "https://pub.dev"
    source: hosted
    version: "0.1.1"
  get:
    dependency: "direct main"
    description:
      name: get
      sha256: "2ba20a47c8f1f233bed775ba2dd0d3ac97b4cf32fc17731b3dfc672b06b0e92a"
      url: "https://pub.dev"
    source: hosted
    version: "4.6.5"
  get_it:
    dependency: "direct main"
    description:
      name: get_it
      sha256: "290fde3a86072e4b37dbb03c07bec6126f0ecc28dad403c12ffe2e5a2d751ab7"
      url: "https://pub.dev"
    source: hosted
    version: "7.2.0"
  google_maps_flutter:
    dependency: "direct main"
    description:
      name: google_maps_flutter
      sha256: "7a4538540c06e5355128f2de0dad8419613a427f75df6b7e2b55b3723ad8aead"
      url: "https://pub.dev"
    source: hosted
    version: "2.2.2"
  google_maps_flutter_android:
    dependency: transitive
    description:
      name: google_maps_flutter_android
      sha256: d0db68669ee41c24d94c4db4d7209ebca8c0b85669287ebe8becc76f1947d0ae
      url: "https://pub.dev"
    source: hosted
    version: "2.4.0"
  google_maps_flutter_ios:
    dependency: transitive
    description:
      name: google_maps_flutter_ios
      sha256: "43a71553d9973af6886b6984e246dac18b8a62dc59581904d8d1292388b05ea5"
      url: "https://pub.dev"
    source: hosted
    version: "2.1.12"
  google_maps_flutter_platform_interface:
    dependency: transitive
    description:
      name: google_maps_flutter_platform_interface
      sha256: cde5d8713fd61f48ba675190be5ab294a022eec966748a2f83063f487d076fbc
      url: "https://pub.dev"
    source: hosted
    version: "2.2.4"
  heic_to_jpg:
    dependency: "direct main"
    description:
      name: heic_to_jpg
      sha256: "48fce9176e722629e9d49513c4f9c10ca4a792408781fb24c0f7e50fd80be22f"
      url: "https://pub.dev"
    source: hosted
    version: "0.2.0"
  http:
    dependency: transitive
    description:
      name: http
      sha256: "6aa2946395183537c8b880962d935877325d6a09a2867c3970c05c0fed6ac482"
      url: "https://pub.dev"
    source: hosted
    version: "0.13.5"
  http_parser:
    dependency: transitive
    description:
      name: http_parser
      sha256: "2aa08ce0341cc9b354a498388e30986515406668dbcc4f7c950c3e715496693b"
      url: "https://pub.dev"
    source: hosted
    version: "4.0.2"
  image_picker:
    dependency: "direct main"
    description:
      name: image_picker
      sha256: a8f2f0aed50c03230ab37e93ca2905c50b6c4097245345956eb24a88f45328cd
      url: "https://pub.dev"
    source: hosted
    version: "0.8.6"
  image_picker_android:
    dependency: transitive
    description:
      name: image_picker_android
      sha256: "822f71a53336bf1e638dbf955047080ca49ba0197f52c4fece9cf584c368648a"
      url: "https://pub.dev"
    source: hosted
    version: "0.8.5+3"
  image_picker_for_web:
    dependency: transitive
    description:
      name: image_picker_for_web
      sha256: "7d319fb74955ca46d9bf7011497860e3923bb67feebcf068f489311065863899"
      url: "https://pub.dev"
    source: hosted
    version: "2.1.10"
  image_picker_ios:
    dependency: transitive
    description:
      name: image_picker_ios
      sha256: "1768087441bd69ca632249d212c26fa8d530552d37b4896a4dd8d6781435c147"
      url: "https://pub.dev"
    source: hosted
    version: "0.8.6+1"
  image_picker_platform_interface:
    dependency: transitive
    description:
      name: image_picker_platform_interface
      sha256: "7cef2f28f4f2fef99180f636c3d446b4ccbafd6ba0fad2adc9a80c4040f656b8"
      url: "https://pub.dev"
    source: hosted
    version: "2.6.2"
  intl:
    dependency: "direct main"
    description:
      name: intl
      sha256: "910f85bce16fb5c6f614e117efa303e85a1731bb0081edf3604a2ae6e9a3cc91"
      url: "https://pub.dev"
    source: hosted
    version: "0.17.0"
  js:
    dependency: transitive
    description:
      name: js
      sha256: "5528c2f391ededb7775ec1daa69e65a2d61276f7552de2b5f7b8d34ee9fd4ab7"
      url: "https://pub.dev"
    source: hosted
    version: "0.6.5"
  json_annotation:
    dependency: transitive
    description:
      name: json_annotation
      sha256: "3520fa844009431b5d4491a5a778603520cdc399ab3406332dcc50f93547258c"
      url: "https://pub.dev"
    source: hosted
    version: "4.7.0"
  lints:
    dependency: transitive
    description:
      name: lints
      sha256: "5e4a9cd06d447758280a8ac2405101e0e2094d2a1dbdd3756aec3fe7775ba593"
      url: "https://pub.dev"
    source: hosted
    version: "2.0.1"
  logger:
    dependency: "direct main"
    description:
      name: logger
      sha256: "5076f09225f91dc49289a4ccb92df2eeea9ea01cf7c26d49b3a1f04c6a49eec1"
      url: "https://pub.dev"
    source: hosted
    version: "1.1.0"
  matcher:
    dependency: transitive
    description:
      name: matcher
      sha256: "16db949ceee371e9b99d22f88fa3a73c4e59fd0afed0bd25fc336eb76c198b72"
      url: "https://pub.dev"
    source: hosted
    version: "0.12.13"
  material_color_utilities:
    dependency: transitive
    description:
      name: material_color_utilities
      sha256: d92141dc6fe1dad30722f9aa826c7fbc896d021d792f80678280601aff8cf724
      url: "https://pub.dev"
    source: hosted
    version: "0.2.0"
  meta:
    dependency: transitive
    description:
      name: meta
      sha256: "6c268b42ed578a53088d834796959e4a1814b5e9e164f147f580a386e5decf42"
      url: "https://pub.dev"
    source: hosted
    version: "1.8.0"
  modal_progress_hud_nsn:
    dependency: "direct main"
    description:
      name: modal_progress_hud_nsn
      sha256: "408b9bcce97567de94637de932260e50be48db1842edc761aeea61670e5ec30c"
      url: "https://pub.dev"
    source: hosted
    version: "0.3.0"
  nested:
    dependency: transitive
    description:
      name: nested
      sha256: "03bac4c528c64c95c722ec99280375a6f2fc708eec17c7b3f07253b626cd2a20"
      url: "https://pub.dev"
    source: hosted
    version: "1.0.0"
  nm:
    dependency: transitive
    description:
      name: nm
      sha256: "2c9aae4127bdc8993206464fcc063611e0e36e72018696cd9631023a31b24254"
      url: "https://pub.dev"
    source: hosted
    version: "0.5.0"
  path:
    dependency: transitive
    description:
      name: path
      sha256: db9d4f58c908a4ba5953fcee2ae317c94889433e5024c27ce74a37f94267945b
      url: "https://pub.dev"
    source: hosted
    version: "1.8.2"
  path_drawing:
    dependency: transitive
    description:
      name: path_drawing
      sha256: bbb1934c0cbb03091af082a6389ca2080345291ef07a5fa6d6e078ba8682f977
      url: "https://pub.dev"
    source: hosted
    version: "1.0.1"
  path_parsing:
    dependency: transitive
    description:
      name: path_parsing
      sha256: e3e67b1629e6f7e8100b367d3db6ba6af4b1f0bb80f64db18ef1fbabd2fa9ccf
      url: "https://pub.dev"
    source: hosted
    version: "1.0.1"
  path_provider_linux:
    dependency: transitive
    description:
      name: path_provider_linux
      sha256: ab0987bf95bc591da42dffb38c77398fc43309f0b9b894dcc5d6f40c4b26c379
      url: "https://pub.dev"
    source: hosted
    version: "2.1.7"
  path_provider_platform_interface:
    dependency: transitive
    description:
      name: path_provider_platform_interface
      sha256: f0abc8ebd7253741f05488b4813d936b4d07c6bae3e86148a09e342ee4b08e76
      url: "https://pub.dev"
    source: hosted
    version: "2.0.5"
  path_provider_windows:
    dependency: transitive
    description:
      name: path_provider_windows
      sha256: bcabbe399d4042b8ee687e17548d5d3f527255253b4a639f5f8d2094a9c2b45c
      url: "https://pub.dev"
    source: hosted
    version: "2.1.3"
  permission_handler:
    dependency: "direct main"
    description:
      name: permission_handler
      sha256: "33c6a1253d1f95fd06fa74b65b7ba907ae9811f9d5c1d3150e51417d04b8d6a8"
      url: "https://pub.dev"
    source: hosted
    version: "10.2.0"
  permission_handler_android:
    dependency: transitive
    description:
      name: permission_handler_android
      sha256: "8028362b40c4a45298f1cbfccd227c8dd6caf0e27088a69f2ba2ab15464159e2"
      url: "https://pub.dev"
    source: hosted
    version: "10.2.0"
  permission_handler_apple:
    dependency: transitive
    description:
      name: permission_handler_apple
      sha256: "9c370ef6a18b1c4b2f7f35944d644a56aa23576f23abee654cf73968de93f163"
      url: "https://pub.dev"
    source: hosted
    version: "9.0.7"
  permission_handler_platform_interface:
    dependency: transitive
    description:
      name: permission_handler_platform_interface
      sha256: "68abbc472002b5e6dfce47fe9898c6b7d8328d58b5d2524f75e277c07a97eb84"
      url: "https://pub.dev"
    source: hosted
    version: "3.9.0"
  permission_handler_windows:
    dependency: transitive
    description:
      name: permission_handler_windows
      sha256: f67cab14b4328574938ecea2db3475dad7af7ead6afab6338772c5f88963e38b
      url: "https://pub.dev"
    source: hosted
    version: "0.1.2"
  petitparser:
    dependency: transitive
    description:
      name: petitparser
      sha256: "49392a45ced973e8d94a85fdb21293fbb40ba805fc49f2965101ae748a3683b4"
      url: "https://pub.dev"
    source: hosted
    version: "5.1.0"
  platform:
    dependency: transitive
    description:
      name: platform
      sha256: "4a451831508d7d6ca779f7ac6e212b4023dd5a7d08a27a63da33756410e32b76"
      url: "https://pub.dev"
    source: hosted
    version: "3.1.0"
  plugin_platform_interface:
    dependency: transitive
    description:
      name: plugin_platform_interface
      sha256: dbf0f707c78beedc9200146ad3cb0ab4d5da13c246336987be6940f026500d3a
      url: "https://pub.dev"
    source: hosted
    version: "2.1.3"
  process:
    dependency: transitive
    description:
      name: process
      sha256: "53fd8db9cec1d37b0574e12f07520d582019cb6c44abf5479a01505099a34a09"
      url: "https://pub.dev"
    source: hosted
    version: "4.2.4"
  provider:
    dependency: "direct main"
    description:
      name: provider
      sha256: e1e7413d70444ea3096815a60fe5da1b11bda8a9dc4769252cc82c53536f8bcc
      url: "https://pub.dev"
    source: hosted
    version: "6.0.4"
  rename:
    dependency: "direct dev"
    description:
      name: rename
      sha256: "2e3f2800712e00c66fee8eb6285d290c418e99fe3f69ca794d9fa09654bb005e"
      url: "https://pub.dev"
    source: hosted
    version: "2.0.1"
  shared_preferences:
    dependency: "direct main"
    description:
      name: shared_preferences
      sha256: "76917b7d4b9526b2ba416808a7eb9fb2863c1a09cf63ec85f1453da240fa818a"
      url: "https://pub.dev"
    source: hosted
    version: "2.0.15"
  shared_preferences_android:
    dependency: transitive
    description:
      name: shared_preferences_android
      sha256: "8e251f3c986002b65fed6396bce81f379fb63c27317d49743cf289fd0fd1ab97"
      url: "https://pub.dev"
    source: hosted
    version: "2.0.14"
  shared_preferences_ios:
    dependency: transitive
    description:
      name: shared_preferences_ios
      sha256: "585a14cefec7da8c9c2fb8cd283a3bb726b4155c0952afe6a0caaa7b2272de34"
      url: "https://pub.dev"
    source: hosted
    version: "2.1.1"
  shared_preferences_linux:
    dependency: transitive
    description:
      name: shared_preferences_linux
      sha256: "28aefc1261746e7bad3d09799496054beb84e8c4ffcdfed7734e17b4ada459a5"
      url: "https://pub.dev"
    source: hosted
    version: "2.1.1"
  shared_preferences_macos:
    dependency: transitive
    description:
      name: shared_preferences_macos
      sha256: fbb94bf296576f49be37a1496d5951796211a8db0aa22cc0d68c46440dad808c
      url: "https://pub.dev"
    source: hosted
    version: "2.0.4"
  shared_preferences_platform_interface:
    dependency: transitive
    description:
      name: shared_preferences_platform_interface
      sha256: da9431745ede5ece47bc26d5d73a9d3c6936ef6945c101a5aca46f62e52c1cf3
      url: "https://pub.dev"
    source: hosted
    version: "2.1.0"
  shared_preferences_web:
    dependency: transitive
    description:
      name: shared_preferences_web
      sha256: a4b5bc37fe1b368bbc81f953197d55e12f49d0296e7e412dfe2d2d77d6929958
      url: "https://pub.dev"
    source: hosted
    version: "2.0.4"
  shared_preferences_windows:
    dependency: transitive
    description:
      name: shared_preferences_windows
      sha256: "97f7ab9a7da96d9cf19581f5de520ceb529548498bd6b5e0ccd02d68a0d15eba"
      url: "https://pub.dev"
    source: hosted
    version: "2.1.1"
  shimmer:
    dependency: "direct main"
    description:
      name: shimmer
      sha256: "1f1009b5845a1f88f1c5630212279540486f97409e9fc3f63883e71070d107bf"
      url: "https://pub.dev"
    source: hosted
    version: "2.0.0"
  sky_engine:
    dependency: transitive
    description: flutter
    source: sdk
    version: "0.0.99"
  smooth_page_indicator:
    dependency: "direct main"
    description:
      name: smooth_page_indicator
      sha256: "49e9b6a265790454c39bd4a447a02f398c02b44b2602e7c5e3a381dc2e3b4102"
      url: "https://pub.dev"
    source: hosted
    version: "1.0.0+2"
  source_span:
    dependency: transitive
    description:
      name: source_span
      sha256: dd904f795d4b4f3b870833847c461801f6750a9fa8e61ea5ac53f9422b31f250
      url: "https://pub.dev"
    source: hosted
    version: "1.9.1"
  stack_trace:
    dependency: transitive
    description:
      name: stack_trace
      sha256: c3c7d8edb15bee7f0f74debd4b9c5f3c2ea86766fe4178eb2a18eb30a0bdaed5
      url: "https://pub.dev"
    source: hosted
    version: "1.11.0"
  stream_channel:
    dependency: transitive
    description:
      name: stream_channel
      sha256: "83615bee9045c1d322bbbd1ba209b7a749c2cbcdcb3fdd1df8eb488b3279c1c8"
      url: "https://pub.dev"
    source: hosted
    version: "2.1.1"
  stream_transform:
    dependency: transitive
    description:
      name: stream_transform
      sha256: "14a00e794c7c11aa145a170587321aedce29769c08d7f58b1d141da75e3b1c6f"
      url: "https://pub.dev"
    source: hosted
    version: "2.1.0"
  string_scanner:
    dependency: transitive
    description:
      name: string_scanner
      sha256: "556692adab6cfa87322a115640c11f13cb77b3f076ddcc5d6ae3c20242bedcde"
      url: "https://pub.dev"
    source: hosted
    version: "1.2.0"
  syncfusion_flutter_core:
    dependency: transitive
    description:
      name: syncfusion_flutter_core
      sha256: "4731bddb3013d9d47fd07c5cb51e790e18a6f1be5f347111ec6c0b8bdec46b76"
      url: "https://pub.dev"
    source: hosted
    version: "20.4.43"
  syncfusion_flutter_sliders:
    dependency: "direct main"
    description:
      name: syncfusion_flutter_sliders
      sha256: "695e885accf64459ab311e3af858b28c6bf2061a372cd57aeb795db829bb815b"
      url: "https://pub.dev"
    source: hosted
    version: "20.4.43"
  term_glyph:
    dependency: transitive
    description:
      name: term_glyph
      sha256: a29248a84fbb7c79282b40b8c72a1209db169a2e0542bce341da992fe1bc7e84
      url: "https://pub.dev"
    source: hosted
    version: "1.2.1"
  test_api:
    dependency: transitive
    description:
      name: test_api
      sha256: ad540f65f92caa91bf21dfc8ffb8c589d6e4dc0c2267818b4cc2792857706206
      url: "https://pub.dev"
    source: hosted
    version: "0.4.16"
  typed_data:
    dependency: transitive
    description:
      name: typed_data
      sha256: "26f87ade979c47a150c9eaab93ccd2bebe70a27dc0b4b29517f2904f04eb11a5"
      url: "https://pub.dev"
    source: hosted
    version: "1.3.1"
  url_launcher:
    dependency: "direct main"
    description:
      name: url_launcher
      sha256: "3c92b0efb5e9dcb8f846aefabf9f0f739f91682ed486b991ceda51c288e60896"
      url: "https://pub.dev"
    source: hosted
    version: "6.1.7"
  url_launcher_android:
    dependency: transitive
    description:
      name: url_launcher_android
      sha256: "6f91d30ce9060c204b2dbe728adb300750fa4b228e8f7ed1b961aa1ceb728799"
      url: "https://pub.dev"
    source: hosted
    version: "6.0.22"
  url_launcher_ios:
    dependency: transitive
    description:
      name: url_launcher_ios
      sha256: "6ba7dddee26c9fae27c9203c424631109d73c8fa26cfa7bc3e35e751cb87f62e"
      url: "https://pub.dev"
    source: hosted
    version: "6.0.17"
  url_launcher_linux:
    dependency: transitive
    description:
      name: url_launcher_linux
      sha256: "360fa359ab06bcb4f7c5cd3123a2a9a4d3364d4575d27c4b33468bd4497dd094"
      url: "https://pub.dev"
    source: hosted
    version: "3.0.1"
  url_launcher_macos:
    dependency: transitive
    description:
      name: url_launcher_macos
      sha256: a9b3ea9043eabfaadfa3fb89de67a11210d85569086d22b3854484beab8b3978
      url: "https://pub.dev"
    source: hosted
    version: "3.0.1"
  url_launcher_platform_interface:
    dependency: transitive
    description:
      name: url_launcher_platform_interface
      sha256: "4eae912628763eb48fc214522e58e942fd16ce195407dbf45638239523c759a6"
      url: "https://pub.dev"
    source: hosted
    version: "2.1.1"
  url_launcher_web:
    dependency: transitive
    description:
      name: url_launcher_web
      sha256: "5669882643b96bb6d5786637cac727c6e918a790053b09245fd4513b8a07df2a"
      url: "https://pub.dev"
    source: hosted
    version: "2.0.13"
  url_launcher_windows:
    dependency: transitive
    description:
      name: url_launcher_windows
      sha256: e3c3b16d3104260c10eea3b0e34272aaa57921f83148b0619f74c2eced9b7ef1
      url: "https://pub.dev"
    source: hosted
    version: "3.0.1"
  vector_math:
    dependency: transitive
    description:
      name: vector_math
      sha256: "80b3257d1492ce4d091729e3a67a60407d227c27241d6927be0130c98e741803"
      url: "https://pub.dev"
    source: hosted
    version: "2.1.4"
  win32:
    dependency: transitive
    description:
      name: win32
      sha256: ca121dbbadb3e43b449053feab0cdf3f2bff93b107cacf0290e3d29f717374b6
      url: "https://pub.dev"
    source: hosted
    version: "3.1.2"
  xdg_directories:
    dependency: transitive
    description:
      name: xdg_directories
      sha256: "11541eedefbcaec9de35aa82650b695297ce668662bbd6e3911a7fabdbde589f"
      url: "https://pub.dev"
    source: hosted
    version: "0.2.0+2"
  xml:
    dependency: transitive
    description:
      name: xml
      sha256: ac0e3f4bf00ba2708c33fbabbbe766300e509f8c82dbd4ab6525039813f7e2fb
      url: "https://pub.dev"
    source: hosted
    version: "6.1.0"
sdks:
  dart: ">=2.18.0 <3.0.0"
  flutter: ">=3.0.0"
